<?xml version="1.0" encoding="utf-8"?>
<Project ToolsVersion="4.0" xmlns="http://schemas.microsoft.com/developer/msbuild/2003">
  <ItemGroup>
    <Filter Include="Source Files">
      <UniqueIdentifier>{4FC737F1-C7A5-4376-A066-2A32D752A2FF}</UniqueIdentifier>
      <Extensions>cpp;c;cc;cxx;def;odl;idl;hpj;bat;asm;asmx</Extensions>
    </Filter>
    <Filter Include="Resource Files">
      <UniqueIdentifier>{67DA6AB6-F800-4c08-8B7A-83BB121AAD01}</UniqueIdentifier>
      <Extensions>rc;ico;cur;bmp;dlg;rc2;rct;bin;rgs;gif;jpg;jpeg;jpe;resx;tiff;tif;png;wav;mfcribbon-ms</Extensions>
    </Filter>
    <Filter Include="Source Files\TelnetServLib">
      <UniqueIdentifier>{a76a5e0e-623e-45f0-83e5-58ceeacce86a}</UniqueIdentifier>
    </Filter>
  </ItemGroup>
  <ItemGroup>
    <ClInclude Include="..\TelnetServLib\telnetservlib.hpp">
      <Filter>Source Files\TelnetServLib</Filter>
    </ClInclude>
    <ClInclude Include="exampleTelnetServerApp.hpp">
      <Filter>Source Files</Filter>
    </ClInclude>
    <ClInclude Include="targetver.h">
      <Filter>Source Files</Filter>
    </ClInclude>
  </ItemGroup>
  <ItemGroup>
    <ClCompile Include="exampleTelnetServerApp.cpp">
      <Filter>Source Files</Filter>
    </ClCompile>
    <ClCompile Include="..\TelnetServLib\telnetservlib.cpp">
      <Filter>Source Files\TelnetServLib</Filter>
    </ClCompile>
  </ItemGroup>
  <ItemGroup>
    <Text Include="..\TelnetServLib\ReadMe.txt">
      <Filter>Source Files\TelnetServLib</Filter>
    </Text>
  </ItemGroup>
</Project>